PODS:
  - AFModule (1.3.0):
    - SDWebImage
  - SDWebImage (5.6.0):
    - SDWebImage/Core (= 5.6.0)
  - SDWebImage/Core (5.6.0)

DEPENDENCIES:
  - AFModule (from `../`)

SPEC REPOS:
  trunk:
    - SDWebImage

EXTERNAL SOURCES:
  AFModule:
    :path: "../"

SPEC CHECKSUMS:
  AFModule: 5bcce41db14400e8fd2606cd16ffcf128b28e420
  SDWebImage: 21b19f56b4226cdfe3aefe4e6848dc43ed129a86

PODFILE CHECKSUM: 9477110d5de471250df563492353bedbfad92876

COCOAPODS: 1.9.1
