PODS:
  - AFModule (1.1.1):
    - SDWebImage
  - SDWebImage (5.6.0):
    - SDWebImage/Core (= 5.6.0)
  - SDWebImage/Core (5.6.0)

DEPENDENCIES:
  - AFModule (from `../`)

SPEC REPOS:
  trunk:
    - SDWebImage

EXTERNAL SOURCES:
  AFModule:
    :path: "../"

SPEC CHECKSUMS:
  AFModule: a3fad620421e2d18458e570b0c116e3b42a3ca08
  SDWebImage: 21b19f56b4226cdfe3aefe4e6848dc43ed129a86

PODFILE CHECKSUM: 9477110d5de471250df563492353bedbfad92876

COCOAPODS: 1.9.1
