PODS:
  - AFModule (1.4.2):
    - SDWebImage
  - SDWebImage (5.6.0):
    - SDWebImage/Core (= 5.6.0)
  - SDWebImage/Core (5.6.0)

DEPENDENCIES:
  - AFModule (from `../`)

SPEC REPOS:
  trunk:
    - SDWebImage

EXTERNAL SOURCES:
  AFModule:
    :path: "../"

SPEC CHECKSUMS:
  AFModule: fbb976e65fc75a92121150c0b6df923c55921e6c
  SDWebImage: 21b19f56b4226cdfe3aefe4e6848dc43ed129a86

PODFILE CHECKSUM: 51a5c088829107870f75778681f6f5ee8d83711a

COCOAPODS: 1.10.0
