// !$*UTF8*$!
{
	archiveVersion = 1;
	classes = {
	};
	objectVersion = 46;
	objects = {

/* Begin PBXBuildFile section */
		31429FAD24121BE000A026EE /* AFBrowserTestViewController.m in Sources */ = {isa = PBXBuildFile; fileRef = 31429FAC24121BE000A026EE /* AFBrowserTestViewController.m */; };
		31532016239A4218001C7942 /* AFTimerViewController.m in Sources */ = {isa = PBXBuildFile; fileRef = 31532015239A4218001C7942 /* AFTimerViewController.m */; };
		3153201F239A5BF2001C7942 /* AFKVOViewController.m in Sources */ = {isa = PBXBuildFile; fileRef = 3153201E239A5BF2001C7942 /* AFKVOViewController.m */; };
		3162882425E0F59D004F5F72 /* AFWindow.m in Sources */ = {isa = PBXBuildFile; fileRef = 3162882325E0F59D004F5F72 /* AFWindow.m */; };
		3162882C25E0F777004F5F72 /* 大拇指动态.gif in Resources */ = {isa = PBXBuildFile; fileRef = 3162882725E0F776004F5F72 /* 大拇指动态.gif */; };
		3162882D25E0F777004F5F72 /* 玫瑰花.gif in Resources */ = {isa = PBXBuildFile; fileRef = 3162882825E0F777004F5F72 /* 玫瑰花.gif */; };
		3162882E25E0F777004F5F72 /* 肌肉.gif in Resources */ = {isa = PBXBuildFile; fileRef = 3162882925E0F777004F5F72 /* 肌肉.gif */; };
		3162882F25E0F777004F5F72 /* ok.gif in Resources */ = {isa = PBXBuildFile; fileRef = 3162882A25E0F777004F5F72 /* ok.gif */; };
		3162883025E0F777004F5F72 /* 合成-2.gif in Resources */ = {isa = PBXBuildFile; fileRef = 3162882B25E0F777004F5F72 /* 合成-2.gif */; };
		3162883525E0F794004F5F72 /* AFGifTextViewController.m in Sources */ = {isa = PBXBuildFile; fileRef = 3162883425E0F794004F5F72 /* AFGifTextViewController.m */; };
		3162883A25E0F9AF004F5F72 /* AFLabel.m in Sources */ = {isa = PBXBuildFile; fileRef = 3162883925E0F9AF004F5F72 /* AFLabel.m */; };
		3162889125E35670004F5F72 /* YYTextView.m in Sources */ = {isa = PBXBuildFile; fileRef = 3162885E25E35670004F5F72 /* YYTextView.m */; };
		3162889225E35670004F5F72 /* YYTextMagnifier.m in Sources */ = {isa = PBXBuildFile; fileRef = 3162886225E35670004F5F72 /* YYTextMagnifier.m */; };
		3162889325E35670004F5F72 /* YYTextContainerView.m in Sources */ = {isa = PBXBuildFile; fileRef = 3162886525E35670004F5F72 /* YYTextContainerView.m */; };
		3162889425E35670004F5F72 /* YYTextEffectWindow.m in Sources */ = {isa = PBXBuildFile; fileRef = 3162886625E35670004F5F72 /* YYTextEffectWindow.m */; };
		3162889525E35670004F5F72 /* YYTextInput.m in Sources */ = {isa = PBXBuildFile; fileRef = 3162886825E35670004F5F72 /* YYTextInput.m */; };
		3162889625E35670004F5F72 /* YYTextLayout.m in Sources */ = {isa = PBXBuildFile; fileRef = 3162886925E35670004F5F72 /* YYTextLayout.m */; };
		3162889725E35670004F5F72 /* YYTextLine.m in Sources */ = {isa = PBXBuildFile; fileRef = 3162886B25E35670004F5F72 /* YYTextLine.m */; };
		3162889825E35670004F5F72 /* YYTextSelectionView.m in Sources */ = {isa = PBXBuildFile; fileRef = 3162886C25E35670004F5F72 /* YYTextSelectionView.m */; };
		3162889925E35670004F5F72 /* YYTextKeyboardManager.m in Sources */ = {isa = PBXBuildFile; fileRef = 3162886F25E35670004F5F72 /* YYTextKeyboardManager.m */; };
		3162889A25E35670004F5F72 /* YYTextDebugOption.m in Sources */ = {isa = PBXBuildFile; fileRef = 3162887125E35670004F5F72 /* YYTextDebugOption.m */; };
		3162889B25E35670004F5F72 /* YYLabel.m in Sources */ = {isa = PBXBuildFile; fileRef = 3162887225E35670004F5F72 /* YYLabel.m */; };
		3162889C25E35670004F5F72 /* YYTextRunDelegate.m in Sources */ = {isa = PBXBuildFile; fileRef = 3162887625E35670004F5F72 /* YYTextRunDelegate.m */; };
		3162889D25E35670004F5F72 /* YYTextParser.m in Sources */ = {isa = PBXBuildFile; fileRef = 3162887725E35670004F5F72 /* YYTextParser.m */; };
		3162889E25E35670004F5F72 /* YYTextAttribute.m in Sources */ = {isa = PBXBuildFile; fileRef = 3162887B25E35670004F5F72 /* YYTextAttribute.m */; };
		3162889F25E35670004F5F72 /* YYTextArchiver.m in Sources */ = {isa = PBXBuildFile; fileRef = 3162887D25E35670004F5F72 /* YYTextArchiver.m */; };
		316288A025E35670004F5F72 /* YYTextRubyAnnotation.m in Sources */ = {isa = PBXBuildFile; fileRef = 3162887E25E35670004F5F72 /* YYTextRubyAnnotation.m */; };
		316288A125E35670004F5F72 /* YYTextUtilities.m in Sources */ = {isa = PBXBuildFile; fileRef = 3162888125E35670004F5F72 /* YYTextUtilities.m */; };
		316288A225E35670004F5F72 /* NSParagraphStyle+YYText.m in Sources */ = {isa = PBXBuildFile; fileRef = 3162888225E35670004F5F72 /* NSParagraphStyle+YYText.m */; };
		316288A325E35670004F5F72 /* NSAttributedString+YYText.m in Sources */ = {isa = PBXBuildFile; fileRef = 3162888325E35670004F5F72 /* NSAttributedString+YYText.m */; };
		316288A425E35670004F5F72 /* UIPasteboard+YYText.m in Sources */ = {isa = PBXBuildFile; fileRef = 3162888625E35670004F5F72 /* UIPasteboard+YYText.m */; };
		316288A525E35670004F5F72 /* YYTextTransaction.m in Sources */ = {isa = PBXBuildFile; fileRef = 3162888A25E35670004F5F72 /* YYTextTransaction.m */; };
		316288A625E35670004F5F72 /* UIView+YYText.m in Sources */ = {isa = PBXBuildFile; fileRef = 3162888B25E35670004F5F72 /* UIView+YYText.m */; };
		316288A725E35670004F5F72 /* YYTextAsyncLayer.m in Sources */ = {isa = PBXBuildFile; fileRef = 3162888E25E35670004F5F72 /* YYTextAsyncLayer.m */; };
		316288A825E35670004F5F72 /* YYTextWeakProxy.m in Sources */ = {isa = PBXBuildFile; fileRef = 3162888F25E35670004F5F72 /* YYTextWeakProxy.m */; };
		316288B525E3A22A004F5F72 /* AFGifAttachment.m in Sources */ = {isa = PBXBuildFile; fileRef = 316288B425E3A22A004F5F72 /* AFGifAttachment.m */; };
		316C525F24C0540900AF2EBB /* AFNavigationTitleViewController.m in Sources */ = {isa = PBXBuildFile; fileRef = 316C525E24C0540900AF2EBB /* AFNavigationTitleViewController.m */; };
		317CA61325DFAF5D002DC8C7 /* text.gif in Resources */ = {isa = PBXBuildFile; fileRef = 317CA61225DFAF5D002DC8C7 /* text.gif */; };
		31BB51A2238F7A220003D2A1 /* AFTextModuleViewController.m in Sources */ = {isa = PBXBuildFile; fileRef = 31BB51A1238F7A220003D2A1 /* AFTextModuleViewController.m */; };
		6003F58E195388D20070C39A /* Foundation.framework in Frameworks */ = {isa = PBXBuildFile; fileRef = 6003F58D195388D20070C39A /* Foundation.framework */; };
		6003F590195388D20070C39A /* CoreGraphics.framework in Frameworks */ = {isa = PBXBuildFile; fileRef = 6003F58F195388D20070C39A /* CoreGraphics.framework */; };
		6003F592195388D20070C39A /* UIKit.framework in Frameworks */ = {isa = PBXBuildFile; fileRef = 6003F591195388D20070C39A /* UIKit.framework */; };
		6003F598195388D20070C39A /* InfoPlist.strings in Resources */ = {isa = PBXBuildFile; fileRef = 6003F596195388D20070C39A /* InfoPlist.strings */; };
		6003F59A195388D20070C39A /* main.m in Sources */ = {isa = PBXBuildFile; fileRef = 6003F599195388D20070C39A /* main.m */; };
		6003F59E195388D20070C39A /* AFAppDelegate.m in Sources */ = {isa = PBXBuildFile; fileRef = 6003F59D195388D20070C39A /* AFAppDelegate.m */; };
		6003F5A7195388D20070C39A /* AFViewController.m in Sources */ = {isa = PBXBuildFile; fileRef = 6003F5A6195388D20070C39A /* AFViewController.m */; };
		6003F5A9195388D20070C39A /* Images.xcassets in Resources */ = {isa = PBXBuildFile; fileRef = 6003F5A8195388D20070C39A /* Images.xcassets */; };
		6003F5B0195388D20070C39A /* XCTest.framework in Frameworks */ = {isa = PBXBuildFile; fileRef = 6003F5AF195388D20070C39A /* XCTest.framework */; };
		6003F5B1195388D20070C39A /* Foundation.framework in Frameworks */ = {isa = PBXBuildFile; fileRef = 6003F58D195388D20070C39A /* Foundation.framework */; };
		6003F5B2195388D20070C39A /* UIKit.framework in Frameworks */ = {isa = PBXBuildFile; fileRef = 6003F591195388D20070C39A /* UIKit.framework */; };
		6003F5BA195388D20070C39A /* InfoPlist.strings in Resources */ = {isa = PBXBuildFile; fileRef = 6003F5B8195388D20070C39A /* InfoPlist.strings */; };
		6003F5BC195388D20070C39A /* Tests.m in Sources */ = {isa = PBXBuildFile; fileRef = 6003F5BB195388D20070C39A /* Tests.m */; };
		71719F9F1E33DC2100824A3D /* LaunchScreen.storyboard in Resources */ = {isa = PBXBuildFile; fileRef = 71719F9D1E33DC2100824A3D /* LaunchScreen.storyboard */; };
		873B8AEB1B1F5CCA007FD442 /* Main.storyboard in Resources */ = {isa = PBXBuildFile; fileRef = 873B8AEA1B1F5CCA007FD442 /* Main.storyboard */; };
		882160B498A1BDE9EEF8B3AC /* libPods-AFModule_Tests.a in Frameworks */ = {isa = PBXBuildFile; fileRef = 44B58260B8A5D26355D451FE /* libPods-AFModule_Tests.a */; };
		E0CCF315EFB1232F8A804337 /* libPods-AFModule_Example.a in Frameworks */ = {isa = PBXBuildFile; fileRef = 303624BAFDADB75F9FCC32E1 /* libPods-AFModule_Example.a */; };
/* End PBXBuildFile section */

/* Begin PBXContainerItemProxy section */
		6003F5B3195388D20070C39A /* PBXContainerItemProxy */ = {
			isa = PBXContainerItemProxy;
			containerPortal = 6003F582195388D10070C39A /* Project object */;
			proxyType = 1;
			remoteGlobalIDString = 6003F589195388D20070C39A;
			remoteInfo = AFModule;
		};
/* End PBXContainerItemProxy section */

/* Begin PBXFileReference section */
		198639AE55D34717E65DA3F5 /* README.md */ = {isa = PBXFileReference; includeInIndex = 1; lastKnownFileType = net.daringfireball.markdown; name = README.md; path = ../README.md; sourceTree = "<group>"; };
		303624BAFDADB75F9FCC32E1 /* libPods-AFModule_Example.a */ = {isa = PBXFileReference; explicitFileType = archive.ar; includeInIndex = 0; path = "libPods-AFModule_Example.a"; sourceTree = BUILT_PRODUCTS_DIR; };
		31429FAB24121BE000A026EE /* AFBrowserTestViewController.h */ = {isa = PBXFileReference; lastKnownFileType = sourcecode.c.h; path = AFBrowserTestViewController.h; sourceTree = "<group>"; };
		31429FAC24121BE000A026EE /* AFBrowserTestViewController.m */ = {isa = PBXFileReference; lastKnownFileType = sourcecode.c.objc; path = AFBrowserTestViewController.m; sourceTree = "<group>"; };
		31532014239A4218001C7942 /* AFTimerViewController.h */ = {isa = PBXFileReference; lastKnownFileType = sourcecode.c.h; path = AFTimerViewController.h; sourceTree = "<group>"; };
		31532015239A4218001C7942 /* AFTimerViewController.m */ = {isa = PBXFileReference; lastKnownFileType = sourcecode.c.objc; path = AFTimerViewController.m; sourceTree = "<group>"; };
		3153201D239A5BF2001C7942 /* AFKVOViewController.h */ = {isa = PBXFileReference; lastKnownFileType = sourcecode.c.h; path = AFKVOViewController.h; sourceTree = "<group>"; };
		3153201E239A5BF2001C7942 /* AFKVOViewController.m */ = {isa = PBXFileReference; lastKnownFileType = sourcecode.c.objc; path = AFKVOViewController.m; sourceTree = "<group>"; };
		3162882225E0F59D004F5F72 /* AFWindow.h */ = {isa = PBXFileReference; lastKnownFileType = sourcecode.c.h; path = AFWindow.h; sourceTree = "<group>"; };
		3162882325E0F59D004F5F72 /* AFWindow.m */ = {isa = PBXFileReference; lastKnownFileType = sourcecode.c.objc; path = AFWindow.m; sourceTree = "<group>"; };
		3162882725E0F776004F5F72 /* 大拇指动态.gif */ = {isa = PBXFileReference; lastKnownFileType = image.gif; path = "大拇指动态.gif"; sourceTree = "<group>"; };
		3162882825E0F777004F5F72 /* 玫瑰花.gif */ = {isa = PBXFileReference; lastKnownFileType = image.gif; path = "玫瑰花.gif"; sourceTree = "<group>"; };
		3162882925E0F777004F5F72 /* 肌肉.gif */ = {isa = PBXFileReference; lastKnownFileType = image.gif; path = "肌肉.gif"; sourceTree = "<group>"; };
		3162882A25E0F777004F5F72 /* ok.gif */ = {isa = PBXFileReference; lastKnownFileType = image.gif; path = ok.gif; sourceTree = "<group>"; };
		3162882B25E0F777004F5F72 /* 合成-2.gif */ = {isa = PBXFileReference; lastKnownFileType = image.gif; path = "合成-2.gif"; sourceTree = "<group>"; };
		3162883325E0F794004F5F72 /* AFGifTextViewController.h */ = {isa = PBXFileReference; lastKnownFileType = sourcecode.c.h; path = AFGifTextViewController.h; sourceTree = "<group>"; };
		3162883425E0F794004F5F72 /* AFGifTextViewController.m */ = {isa = PBXFileReference; lastKnownFileType = sourcecode.c.objc; path = AFGifTextViewController.m; sourceTree = "<group>"; };
		3162883825E0F9AF004F5F72 /* AFLabel.h */ = {isa = PBXFileReference; lastKnownFileType = sourcecode.c.h; path = AFLabel.h; sourceTree = "<group>"; };
		3162883925E0F9AF004F5F72 /* AFLabel.m */ = {isa = PBXFileReference; lastKnownFileType = sourcecode.c.objc; path = AFLabel.m; sourceTree = "<group>"; };
		3162885D25E35670004F5F72 /* YYText.h */ = {isa = PBXFileReference; fileEncoding = 4; lastKnownFileType = sourcecode.c.h; path = YYText.h; sourceTree = "<group>"; };
		3162885E25E35670004F5F72 /* YYTextView.m */ = {isa = PBXFileReference; fileEncoding = 4; lastKnownFileType = sourcecode.c.objc; path = YYTextView.m; sourceTree = "<group>"; };
		3162886025E35670004F5F72 /* YYTextSelectionView.h */ = {isa = PBXFileReference; fileEncoding = 4; lastKnownFileType = sourcecode.c.h; path = YYTextSelectionView.h; sourceTree = "<group>"; };
		3162886125E35670004F5F72 /* YYTextLine.h */ = {isa = PBXFileReference; fileEncoding = 4; lastKnownFileType = sourcecode.c.h; path = YYTextLine.h; sourceTree = "<group>"; };
		3162886225E35670004F5F72 /* YYTextMagnifier.m */ = {isa = PBXFileReference; fileEncoding = 4; lastKnownFileType = sourcecode.c.objc; path = YYTextMagnifier.m; sourceTree = "<group>"; };
		3162886325E35670004F5F72 /* YYTextLayout.h */ = {isa = PBXFileReference; fileEncoding = 4; lastKnownFileType = sourcecode.c.h; path = YYTextLayout.h; sourceTree = "<group>"; };
		3162886425E35670004F5F72 /* YYTextKeyboardManager.h */ = {isa = PBXFileReference; fileEncoding = 4; lastKnownFileType = sourcecode.c.h; path = YYTextKeyboardManager.h; sourceTree = "<group>"; };
		3162886525E35670004F5F72 /* YYTextContainerView.m */ = {isa = PBXFileReference; fileEncoding = 4; lastKnownFileType = sourcecode.c.objc; path = YYTextContainerView.m; sourceTree = "<group>"; };
		3162886625E35670004F5F72 /* YYTextEffectWindow.m */ = {isa = PBXFileReference; fileEncoding = 4; lastKnownFileType = sourcecode.c.objc; path = YYTextEffectWindow.m; sourceTree = "<group>"; };
		3162886725E35670004F5F72 /* YYTextDebugOption.h */ = {isa = PBXFileReference; fileEncoding = 4; lastKnownFileType = sourcecode.c.h; path = YYTextDebugOption.h; sourceTree = "<group>"; };
		3162886825E35670004F5F72 /* YYTextInput.m */ = {isa = PBXFileReference; fileEncoding = 4; lastKnownFileType = sourcecode.c.objc; path = YYTextInput.m; sourceTree = "<group>"; };
		3162886925E35670004F5F72 /* YYTextLayout.m */ = {isa = PBXFileReference; fileEncoding = 4; lastKnownFileType = sourcecode.c.objc; path = YYTextLayout.m; sourceTree = "<group>"; };
		3162886A25E35670004F5F72 /* YYTextMagnifier.h */ = {isa = PBXFileReference; fileEncoding = 4; lastKnownFileType = sourcecode.c.h; path = YYTextMagnifier.h; sourceTree = "<group>"; };
		3162886B25E35670004F5F72 /* YYTextLine.m */ = {isa = PBXFileReference; fileEncoding = 4; lastKnownFileType = sourcecode.c.objc; path = YYTextLine.m; sourceTree = "<group>"; };
		3162886C25E35670004F5F72 /* YYTextSelectionView.m */ = {isa = PBXFileReference; fileEncoding = 4; lastKnownFileType = sourcecode.c.objc; path = YYTextSelectionView.m; sourceTree = "<group>"; };
		3162886D25E35670004F5F72 /* YYTextEffectWindow.h */ = {isa = PBXFileReference; fileEncoding = 4; lastKnownFileType = sourcecode.c.h; path = YYTextEffectWindow.h; sourceTree = "<group>"; };
		3162886E25E35670004F5F72 /* YYTextContainerView.h */ = {isa = PBXFileReference; fileEncoding = 4; lastKnownFileType = sourcecode.c.h; path = YYTextContainerView.h; sourceTree = "<group>"; };
		3162886F25E35670004F5F72 /* YYTextKeyboardManager.m */ = {isa = PBXFileReference; fileEncoding = 4; lastKnownFileType = sourcecode.c.objc; path = YYTextKeyboardManager.m; sourceTree = "<group>"; };
		3162887025E35670004F5F72 /* YYTextInput.h */ = {isa = PBXFileReference; fileEncoding = 4; lastKnownFileType = sourcecode.c.h; path = YYTextInput.h; sourceTree = "<group>"; };
		3162887125E35670004F5F72 /* YYTextDebugOption.m */ = {isa = PBXFileReference; fileEncoding = 4; lastKnownFileType = sourcecode.c.objc; path = YYTextDebugOption.m; sourceTree = "<group>"; };
		3162887225E35670004F5F72 /* YYLabel.m */ = {isa = PBXFileReference; fileEncoding = 4; lastKnownFileType = sourcecode.c.objc; path = YYLabel.m; sourceTree = "<group>"; };
		3162887325E35670004F5F72 /* YYTextView.h */ = {isa = PBXFileReference; fileEncoding = 4; lastKnownFileType = sourcecode.c.h; path = YYTextView.h; sourceTree = "<group>"; };
		3162887525E35670004F5F72 /* YYTextAttribute.h */ = {isa = PBXFileReference; fileEncoding = 4; lastKnownFileType = sourcecode.c.h; path = YYTextAttribute.h; sourceTree = "<group>"; };
		3162887625E35670004F5F72 /* YYTextRunDelegate.m */ = {isa = PBXFileReference; fileEncoding = 4; lastKnownFileType = sourcecode.c.objc; path = YYTextRunDelegate.m; sourceTree = "<group>"; };
		3162887725E35670004F5F72 /* YYTextParser.m */ = {isa = PBXFileReference; fileEncoding = 4; lastKnownFileType = sourcecode.c.objc; path = YYTextParser.m; sourceTree = "<group>"; };
		3162887825E35670004F5F72 /* YYTextRubyAnnotation.h */ = {isa = PBXFileReference; fileEncoding = 4; lastKnownFileType = sourcecode.c.h; path = YYTextRubyAnnotation.h; sourceTree = "<group>"; };
		3162887925E35670004F5F72 /* YYTextArchiver.h */ = {isa = PBXFileReference; fileEncoding = 4; lastKnownFileType = sourcecode.c.h; path = YYTextArchiver.h; sourceTree = "<group>"; };
		3162887A25E35670004F5F72 /* YYTextRunDelegate.h */ = {isa = PBXFileReference; fileEncoding = 4; lastKnownFileType = sourcecode.c.h; path = YYTextRunDelegate.h; sourceTree = "<group>"; };
		3162887B25E35670004F5F72 /* YYTextAttribute.m */ = {isa = PBXFileReference; fileEncoding = 4; lastKnownFileType = sourcecode.c.objc; path = YYTextAttribute.m; sourceTree = "<group>"; };
		3162887C25E35670004F5F72 /* YYTextParser.h */ = {isa = PBXFileReference; fileEncoding = 4; lastKnownFileType = sourcecode.c.h; path = YYTextParser.h; sourceTree = "<group>"; };
		3162887D25E35670004F5F72 /* YYTextArchiver.m */ = {isa = PBXFileReference; fileEncoding = 4; lastKnownFileType = sourcecode.c.objc; path = YYTextArchiver.m; sourceTree = "<group>"; };
		3162887E25E35670004F5F72 /* YYTextRubyAnnotation.m */ = {isa = PBXFileReference; fileEncoding = 4; lastKnownFileType = sourcecode.c.objc; path = YYTextRubyAnnotation.m; sourceTree = "<group>"; };
		3162887F25E35670004F5F72 /* YYLabel.h */ = {isa = PBXFileReference; fileEncoding = 4; lastKnownFileType = sourcecode.c.h; path = YYLabel.h; sourceTree = "<group>"; };
		3162888125E35670004F5F72 /* YYTextUtilities.m */ = {isa = PBXFileReference; fileEncoding = 4; lastKnownFileType = sourcecode.c.objc; path = YYTextUtilities.m; sourceTree = "<group>"; };
		3162888225E35670004F5F72 /* NSParagraphStyle+YYText.m */ = {isa = PBXFileReference; fileEncoding = 4; lastKnownFileType = sourcecode.c.objc; path = "NSParagraphStyle+YYText.m"; sourceTree = "<group>"; };
		3162888325E35670004F5F72 /* NSAttributedString+YYText.m */ = {isa = PBXFileReference; fileEncoding = 4; lastKnownFileType = sourcecode.c.objc; path = "NSAttributedString+YYText.m"; sourceTree = "<group>"; };
		3162888425E35670004F5F72 /* UIView+YYText.h */ = {isa = PBXFileReference; fileEncoding = 4; lastKnownFileType = sourcecode.c.h; path = "UIView+YYText.h"; sourceTree = "<group>"; };
		3162888525E35670004F5F72 /* YYTextTransaction.h */ = {isa = PBXFileReference; fileEncoding = 4; lastKnownFileType = sourcecode.c.h; path = YYTextTransaction.h; sourceTree = "<group>"; };
		3162888625E35670004F5F72 /* UIPasteboard+YYText.m */ = {isa = PBXFileReference; fileEncoding = 4; lastKnownFileType = sourcecode.c.objc; path = "UIPasteboard+YYText.m"; sourceTree = "<group>"; };
		3162888725E35670004F5F72 /* YYTextWeakProxy.h */ = {isa = PBXFileReference; fileEncoding = 4; lastKnownFileType = sourcecode.c.h; path = YYTextWeakProxy.h; sourceTree = "<group>"; };
		3162888825E35670004F5F72 /* YYTextAsyncLayer.h */ = {isa = PBXFileReference; fileEncoding = 4; lastKnownFileType = sourcecode.c.h; path = YYTextAsyncLayer.h; sourceTree = "<group>"; };
		3162888925E35670004F5F72 /* YYTextUtilities.h */ = {isa = PBXFileReference; fileEncoding = 4; lastKnownFileType = sourcecode.c.h; path = YYTextUtilities.h; sourceTree = "<group>"; };
		3162888A25E35670004F5F72 /* YYTextTransaction.m */ = {isa = PBXFileReference; fileEncoding = 4; lastKnownFileType = sourcecode.c.objc; path = YYTextTransaction.m; sourceTree = "<group>"; };
		3162888B25E35670004F5F72 /* UIView+YYText.m */ = {isa = PBXFileReference; fileEncoding = 4; lastKnownFileType = sourcecode.c.objc; path = "UIView+YYText.m"; sourceTree = "<group>"; };
		3162888C25E35670004F5F72 /* NSAttributedString+YYText.h */ = {isa = PBXFileReference; fileEncoding = 4; lastKnownFileType = sourcecode.c.h; path = "NSAttributedString+YYText.h"; sourceTree = "<group>"; };
		3162888D25E35670004F5F72 /* NSParagraphStyle+YYText.h */ = {isa = PBXFileReference; fileEncoding = 4; lastKnownFileType = sourcecode.c.h; path = "NSParagraphStyle+YYText.h"; sourceTree = "<group>"; };
		3162888E25E35670004F5F72 /* YYTextAsyncLayer.m */ = {isa = PBXFileReference; fileEncoding = 4; lastKnownFileType = sourcecode.c.objc; path = YYTextAsyncLayer.m; sourceTree = "<group>"; };
		3162888F25E35670004F5F72 /* YYTextWeakProxy.m */ = {isa = PBXFileReference; fileEncoding = 4; lastKnownFileType = sourcecode.c.objc; path = YYTextWeakProxy.m; sourceTree = "<group>"; };
		3162889025E35670004F5F72 /* UIPasteboard+YYText.h */ = {isa = PBXFileReference; fileEncoding = 4; lastKnownFileType = sourcecode.c.h; path = "UIPasteboard+YYText.h"; sourceTree = "<group>"; };
		316288B325E3A22A004F5F72 /* AFGifAttachment.h */ = {isa = PBXFileReference; lastKnownFileType = sourcecode.c.h; path = AFGifAttachment.h; sourceTree = "<group>"; };
		316288B425E3A22A004F5F72 /* AFGifAttachment.m */ = {isa = PBXFileReference; lastKnownFileType = sourcecode.c.objc; path = AFGifAttachment.m; sourceTree = "<group>"; };
		316C525D24C0540900AF2EBB /* AFNavigationTitleViewController.h */ = {isa = PBXFileReference; lastKnownFileType = sourcecode.c.h; path = AFNavigationTitleViewController.h; sourceTree = "<group>"; };
		316C525E24C0540900AF2EBB /* AFNavigationTitleViewController.m */ = {isa = PBXFileReference; lastKnownFileType = sourcecode.c.objc; path = AFNavigationTitleViewController.m; sourceTree = "<group>"; };
		317CA61225DFAF5D002DC8C7 /* text.gif */ = {isa = PBXFileReference; lastKnownFileType = image.gif; path = text.gif; sourceTree = "<group>"; };
		319DB4FE24D2B1B800C6FAF2 /* detection.aiff */ = {isa = PBXFileReference; lastKnownFileType = audio.aiff; path = detection.aiff; sourceTree = "<group>"; };
		31BB51A0238F7A220003D2A1 /* AFTextModuleViewController.h */ = {isa = PBXFileReference; lastKnownFileType = sourcecode.c.h; path = AFTextModuleViewController.h; sourceTree = "<group>"; };
		31BB51A1238F7A220003D2A1 /* AFTextModuleViewController.m */ = {isa = PBXFileReference; lastKnownFileType = sourcecode.c.objc; path = AFTextModuleViewController.m; sourceTree = "<group>"; };
		3AD98ECD3754ABE63BC13B6D /* Pods-AFModule_Example.debug.xcconfig */ = {isa = PBXFileReference; includeInIndex = 1; lastKnownFileType = text.xcconfig; name = "Pods-AFModule_Example.debug.xcconfig"; path = "Target Support Files/Pods-AFModule_Example/Pods-AFModule_Example.debug.xcconfig"; sourceTree = "<group>"; };
		44B58260B8A5D26355D451FE /* libPods-AFModule_Tests.a */ = {isa = PBXFileReference; explicitFileType = archive.ar; includeInIndex = 0; path = "libPods-AFModule_Tests.a"; sourceTree = BUILT_PRODUCTS_DIR; };
		6003F58A195388D20070C39A /* AFModule_Example.app */ = {isa = PBXFileReference; explicitFileType = wrapper.application; includeInIndex = 0; path = AFModule_Example.app; sourceTree = BUILT_PRODUCTS_DIR; };
		6003F58D195388D20070C39A /* Foundation.framework */ = {isa = PBXFileReference; lastKnownFileType = wrapper.framework; name = Foundation.framework; path = System/Library/Frameworks/Foundation.framework; sourceTree = SDKROOT; };
		6003F58F195388D20070C39A /* CoreGraphics.framework */ = {isa = PBXFileReference; lastKnownFileType = wrapper.framework; name = CoreGraphics.framework; path = System/Library/Frameworks/CoreGraphics.framework; sourceTree = SDKROOT; };
		6003F591195388D20070C39A /* UIKit.framework */ = {isa = PBXFileReference; lastKnownFileType = wrapper.framework; name = UIKit.framework; path = System/Library/Frameworks/UIKit.framework; sourceTree = SDKROOT; };
		6003F595195388D20070C39A /* AFModule-Info.plist */ = {isa = PBXFileReference; lastKnownFileType = text.plist.xml; path = "AFModule-Info.plist"; sourceTree = "<group>"; };
		6003F597195388D20070C39A /* en */ = {isa = PBXFileReference; lastKnownFileType = text.plist.strings; name = en; path = en.lproj/InfoPlist.strings; sourceTree = "<group>"; };
		6003F599195388D20070C39A /* main.m */ = {isa = PBXFileReference; lastKnownFileType = sourcecode.c.objc; path = main.m; sourceTree = "<group>"; };
		6003F59B195388D20070C39A /* AFModule-Prefix.pch */ = {isa = PBXFileReference; lastKnownFileType = sourcecode.c.h; path = "AFModule-Prefix.pch"; sourceTree = "<group>"; };
		6003F59C195388D20070C39A /* AFAppDelegate.h */ = {isa = PBXFileReference; lastKnownFileType = sourcecode.c.h; path = AFAppDelegate.h; sourceTree = "<group>"; };
		6003F59D195388D20070C39A /* AFAppDelegate.m */ = {isa = PBXFileReference; lastKnownFileType = sourcecode.c.objc; path = AFAppDelegate.m; sourceTree = "<group>"; };
		6003F5A5195388D20070C39A /* AFViewController.h */ = {isa = PBXFileReference; lastKnownFileType = sourcecode.c.h; path = AFViewController.h; sourceTree = "<group>"; };
		6003F5A6195388D20070C39A /* AFViewController.m */ = {isa = PBXFileReference; lastKnownFileType = sourcecode.c.objc; path = AFViewController.m; sourceTree = "<group>"; };
		6003F5A8195388D20070C39A /* Images.xcassets */ = {isa = PBXFileReference; lastKnownFileType = folder.assetcatalog; path = Images.xcassets; sourceTree = "<group>"; };
		6003F5AE195388D20070C39A /* AFModule_Tests.xctest */ = {isa = PBXFileReference; explicitFileType = wrapper.cfbundle; includeInIndex = 0; path = AFModule_Tests.xctest; sourceTree = BUILT_PRODUCTS_DIR; };
		6003F5AF195388D20070C39A /* XCTest.framework */ = {isa = PBXFileReference; lastKnownFileType = wrapper.framework; name = XCTest.framework; path = Library/Frameworks/XCTest.framework; sourceTree = DEVELOPER_DIR; };
		6003F5B7195388D20070C39A /* Tests-Info.plist */ = {isa = PBXFileReference; lastKnownFileType = text.plist.xml; path = "Tests-Info.plist"; sourceTree = "<group>"; };
		6003F5B9195388D20070C39A /* en */ = {isa = PBXFileReference; lastKnownFileType = text.plist.strings; name = en; path = en.lproj/InfoPlist.strings; sourceTree = "<group>"; };
		6003F5BB195388D20070C39A /* Tests.m */ = {isa = PBXFileReference; lastKnownFileType = sourcecode.c.objc; path = Tests.m; sourceTree = "<group>"; };
		606FC2411953D9B200FFA9A0 /* Tests-Prefix.pch */ = {isa = PBXFileReference; lastKnownFileType = sourcecode.c.h; path = "Tests-Prefix.pch"; sourceTree = "<group>"; };
		70E01A02EB86B79C4E7D512B /* AFModule.podspec */ = {isa = PBXFileReference; includeInIndex = 1; lastKnownFileType = text; name = AFModule.podspec; path = ../AFModule.podspec; sourceTree = "<group>"; xcLanguageSpecificationIdentifier = xcode.lang.ruby; };
		71719F9E1E33DC2100824A3D /* Base */ = {isa = PBXFileReference; lastKnownFileType = file.storyboard; name = Base; path = Base.lproj/LaunchScreen.storyboard; sourceTree = "<group>"; };
		873B8AEA1B1F5CCA007FD442 /* Main.storyboard */ = {isa = PBXFileReference; fileEncoding = 4; lastKnownFileType = file.storyboard; name = Main.storyboard; path = Base.lproj/Main.storyboard; sourceTree = "<group>"; };
		8A274864E0D53D08F430A254 /* LICENSE */ = {isa = PBXFileReference; includeInIndex = 1; lastKnownFileType = text; name = LICENSE; path = ../LICENSE; sourceTree = "<group>"; };
		92058E25F3248F65AB47D4B9 /* Pods-AFModule_Example.release.xcconfig */ = {isa = PBXFileReference; includeInIndex = 1; lastKnownFileType = text.xcconfig; name = "Pods-AFModule_Example.release.xcconfig"; path = "Target Support Files/Pods-AFModule_Example/Pods-AFModule_Example.release.xcconfig"; sourceTree = "<group>"; };
		CDF0AF02B150DA7AA5D7BBE0 /* Pods-AFModule_Tests.release.xcconfig */ = {isa = PBXFileReference; includeInIndex = 1; lastKnownFileType = text.xcconfig; name = "Pods-AFModule_Tests.release.xcconfig"; path = "Target Support Files/Pods-AFModule_Tests/Pods-AFModule_Tests.release.xcconfig"; sourceTree = "<group>"; };
		DFD4E3524D1102AAEA771043 /* Pods-AFModule_Tests.debug.xcconfig */ = {isa = PBXFileReference; includeInIndex = 1; lastKnownFileType = text.xcconfig; name = "Pods-AFModule_Tests.debug.xcconfig"; path = "Target Support Files/Pods-AFModule_Tests/Pods-AFModule_Tests.debug.xcconfig"; sourceTree = "<group>"; };
/* End PBXFileReference section */

/* Begin PBXFrameworksBuildPhase section */
		6003F587195388D20070C39A /* Frameworks */ = {
			isa = PBXFrameworksBuildPhase;
			buildActionMask = 2147483647;
			files = (
				6003F590195388D20070C39A /* CoreGraphics.framework in Frameworks */,
				6003F592195388D20070C39A /* UIKit.framework in Frameworks */,
				6003F58E195388D20070C39A /* Foundation.framework in Frameworks */,
				E0CCF315EFB1232F8A804337 /* libPods-AFModule_Example.a in Frameworks */,
			);
			runOnlyForDeploymentPostprocessing = 0;
		};
		6003F5AB195388D20070C39A /* Frameworks */ = {
			isa = PBXFrameworksBuildPhase;
			buildActionMask = 2147483647;
			files = (
				6003F5B0195388D20070C39A /* XCTest.framework in Frameworks */,
				6003F5B2195388D20070C39A /* UIKit.framework in Frameworks */,
				6003F5B1195388D20070C39A /* Foundation.framework in Frameworks */,
				882160B498A1BDE9EEF8B3AC /* libPods-AFModule_Tests.a in Frameworks */,
			);
			runOnlyForDeploymentPostprocessing = 0;
		};
/* End PBXFrameworksBuildPhase section */

/* Begin PBXGroup section */
		3162885C25E35670004F5F72 /* YYText */ = {
			isa = PBXGroup;
			children = (
				3162885D25E35670004F5F72 /* YYText.h */,
				3162885E25E35670004F5F72 /* YYTextView.m */,
				3162885F25E35670004F5F72 /* Component */,
				3162887225E35670004F5F72 /* YYLabel.m */,
				3162887325E35670004F5F72 /* YYTextView.h */,
				3162887425E35670004F5F72 /* String */,
				3162887F25E35670004F5F72 /* YYLabel.h */,
				3162888025E35670004F5F72 /* Utility */,
			);
			path = YYText;
			sourceTree = "<group>";
		};
		3162885F25E35670004F5F72 /* Component */ = {
			isa = PBXGroup;
			children = (
				3162886025E35670004F5F72 /* YYTextSelectionView.h */,
				3162886125E35670004F5F72 /* YYTextLine.h */,
				3162886225E35670004F5F72 /* YYTextMagnifier.m */,
				3162886325E35670004F5F72 /* YYTextLayout.h */,
				3162886425E35670004F5F72 /* YYTextKeyboardManager.h */,
				3162886525E35670004F5F72 /* YYTextContainerView.m */,
				3162886625E35670004F5F72 /* YYTextEffectWindow.m */,
				3162886725E35670004F5F72 /* YYTextDebugOption.h */,
				3162886825E35670004F5F72 /* YYTextInput.m */,
				3162886925E35670004F5F72 /* YYTextLayout.m */,
				3162886A25E35670004F5F72 /* YYTextMagnifier.h */,
				3162886B25E35670004F5F72 /* YYTextLine.m */,
				3162886C25E35670004F5F72 /* YYTextSelectionView.m */,
				3162886D25E35670004F5F72 /* YYTextEffectWindow.h */,
				3162886E25E35670004F5F72 /* YYTextContainerView.h */,
				3162886F25E35670004F5F72 /* YYTextKeyboardManager.m */,
				3162887025E35670004F5F72 /* YYTextInput.h */,
				3162887125E35670004F5F72 /* YYTextDebugOption.m */,
			);
			path = Component;
			sourceTree = "<group>";
		};
		3162887425E35670004F5F72 /* String */ = {
			isa = PBXGroup;
			children = (
				3162887525E35670004F5F72 /* YYTextAttribute.h */,
				3162887625E35670004F5F72 /* YYTextRunDelegate.m */,
				3162887725E35670004F5F72 /* YYTextParser.m */,
				3162887825E35670004F5F72 /* YYTextRubyAnnotation.h */,
				3162887925E35670004F5F72 /* YYTextArchiver.h */,
				3162887A25E35670004F5F72 /* YYTextRunDelegate.h */,
				3162887B25E35670004F5F72 /* YYTextAttribute.m */,
				3162887C25E35670004F5F72 /* YYTextParser.h */,
				3162887D25E35670004F5F72 /* YYTextArchiver.m */,
				3162887E25E35670004F5F72 /* YYTextRubyAnnotation.m */,
			);
			path = String;
			sourceTree = "<group>";
		};
		3162888025E35670004F5F72 /* Utility */ = {
			isa = PBXGroup;
			children = (
				3162888125E35670004F5F72 /* YYTextUtilities.m */,
				3162888225E35670004F5F72 /* NSParagraphStyle+YYText.m */,
				3162888325E35670004F5F72 /* NSAttributedString+YYText.m */,
				3162888425E35670004F5F72 /* UIView+YYText.h */,
				3162888525E35670004F5F72 /* YYTextTransaction.h */,
				3162888625E35670004F5F72 /* UIPasteboard+YYText.m */,
				3162888725E35670004F5F72 /* YYTextWeakProxy.h */,
				3162888825E35670004F5F72 /* YYTextAsyncLayer.h */,
				3162888925E35670004F5F72 /* YYTextUtilities.h */,
				3162888A25E35670004F5F72 /* YYTextTransaction.m */,
				3162888B25E35670004F5F72 /* UIView+YYText.m */,
				3162888C25E35670004F5F72 /* NSAttributedString+YYText.h */,
				3162888D25E35670004F5F72 /* NSParagraphStyle+YYText.h */,
				3162888E25E35670004F5F72 /* YYTextAsyncLayer.m */,
				3162888F25E35670004F5F72 /* YYTextWeakProxy.m */,
				3162889025E35670004F5F72 /* UIPasteboard+YYText.h */,
			);
			path = Utility;
			sourceTree = "<group>";
		};
		5FB8576236396DEF0DD1EDA8 /* Pods */ = {
			isa = PBXGroup;
			children = (
				3AD98ECD3754ABE63BC13B6D /* Pods-AFModule_Example.debug.xcconfig */,
				92058E25F3248F65AB47D4B9 /* Pods-AFModule_Example.release.xcconfig */,
				DFD4E3524D1102AAEA771043 /* Pods-AFModule_Tests.debug.xcconfig */,
				CDF0AF02B150DA7AA5D7BBE0 /* Pods-AFModule_Tests.release.xcconfig */,
			);
			path = Pods;
			sourceTree = "<group>";
		};
		6003F581195388D10070C39A = {
			isa = PBXGroup;
			children = (
				60FF7A9C1954A5C5007DD14C /* Podspec Metadata */,
				6003F593195388D20070C39A /* Example for AFModule */,
				6003F5B5195388D20070C39A /* Tests */,
				6003F58C195388D20070C39A /* Frameworks */,
				6003F58B195388D20070C39A /* Products */,
				5FB8576236396DEF0DD1EDA8 /* Pods */,
			);
			sourceTree = "<group>";
		};
		6003F58B195388D20070C39A /* Products */ = {
			isa = PBXGroup;
			children = (
				6003F58A195388D20070C39A /* AFModule_Example.app */,
				6003F5AE195388D20070C39A /* AFModule_Tests.xctest */,
			);
			name = Products;
			sourceTree = "<group>";
		};
		6003F58C195388D20070C39A /* Frameworks */ = {
			isa = PBXGroup;
			children = (
				6003F58D195388D20070C39A /* Foundation.framework */,
				6003F58F195388D20070C39A /* CoreGraphics.framework */,
				6003F591195388D20070C39A /* UIKit.framework */,
				6003F5AF195388D20070C39A /* XCTest.framework */,
				303624BAFDADB75F9FCC32E1 /* libPods-AFModule_Example.a */,
				44B58260B8A5D26355D451FE /* libPods-AFModule_Tests.a */,
			);
			name = Frameworks;
			sourceTree = "<group>";
		};
		6003F593195388D20070C39A /* Example for AFModule */ = {
			isa = PBXGroup;
			children = (
				317CA61225DFAF5D002DC8C7 /* text.gif */,
				3162882725E0F776004F5F72 /* 大拇指动态.gif */,
				3162882B25E0F777004F5F72 /* 合成-2.gif */,
				3162882925E0F777004F5F72 /* 肌肉.gif */,
				3162882825E0F777004F5F72 /* 玫瑰花.gif */,
				3162882A25E0F777004F5F72 /* ok.gif */,
				6003F59C195388D20070C39A /* AFAppDelegate.h */,
				319DB4FE24D2B1B800C6FAF2 /* detection.aiff */,
				6003F59D195388D20070C39A /* AFAppDelegate.m */,
				873B8AEA1B1F5CCA007FD442 /* Main.storyboard */,
				6003F5A5195388D20070C39A /* AFViewController.h */,
				6003F5A6195388D20070C39A /* AFViewController.m */,
				3162885C25E35670004F5F72 /* YYText */,
				71719F9D1E33DC2100824A3D /* LaunchScreen.storyboard */,
				6003F5A8195388D20070C39A /* Images.xcassets */,
				6003F594195388D20070C39A /* Supporting Files */,
				31BB51A0238F7A220003D2A1 /* AFTextModuleViewController.h */,
				31BB51A1238F7A220003D2A1 /* AFTextModuleViewController.m */,
				31532014239A4218001C7942 /* AFTimerViewController.h */,
				31532015239A4218001C7942 /* AFTimerViewController.m */,
				3153201D239A5BF2001C7942 /* AFKVOViewController.h */,
				3153201E239A5BF2001C7942 /* AFKVOViewController.m */,
				31429FAB24121BE000A026EE /* AFBrowserTestViewController.h */,
				31429FAC24121BE000A026EE /* AFBrowserTestViewController.m */,
				316C525D24C0540900AF2EBB /* AFNavigationTitleViewController.h */,
				316C525E24C0540900AF2EBB /* AFNavigationTitleViewController.m */,
				3162882225E0F59D004F5F72 /* AFWindow.h */,
				3162882325E0F59D004F5F72 /* AFWindow.m */,
				3162883325E0F794004F5F72 /* AFGifTextViewController.h */,
				3162883425E0F794004F5F72 /* AFGifTextViewController.m */,
				3162883825E0F9AF004F5F72 /* AFLabel.h */,
				3162883925E0F9AF004F5F72 /* AFLabel.m */,
				316288B325E3A22A004F5F72 /* AFGifAttachment.h */,
				316288B425E3A22A004F5F72 /* AFGifAttachment.m */,
			);
			name = "Example for AFModule";
			path = AFModule;
			sourceTree = "<group>";
		};
		6003F594195388D20070C39A /* Supporting Files */ = {
			isa = PBXGroup;
			children = (
				6003F595195388D20070C39A /* AFModule-Info.plist */,
				6003F596195388D20070C39A /* InfoPlist.strings */,
				6003F599195388D20070C39A /* main.m */,
				6003F59B195388D20070C39A /* AFModule-Prefix.pch */,
			);
			name = "Supporting Files";
			sourceTree = "<group>";
		};
		6003F5B5195388D20070C39A /* Tests */ = {
			isa = PBXGroup;
			children = (
				6003F5BB195388D20070C39A /* Tests.m */,
				6003F5B6195388D20070C39A /* Supporting Files */,
			);
			path = Tests;
			sourceTree = "<group>";
		};
		6003F5B6195388D20070C39A /* Supporting Files */ = {
			isa = PBXGroup;
			children = (
				6003F5B7195388D20070C39A /* Tests-Info.plist */,
				6003F5B8195388D20070C39A /* InfoPlist.strings */,
				606FC2411953D9B200FFA9A0 /* Tests-Prefix.pch */,
			);
			name = "Supporting Files";
			sourceTree = "<group>";
		};
		60FF7A9C1954A5C5007DD14C /* Podspec Metadata */ = {
			isa = PBXGroup;
			children = (
				70E01A02EB86B79C4E7D512B /* AFModule.podspec */,
				198639AE55D34717E65DA3F5 /* README.md */,
				8A274864E0D53D08F430A254 /* LICENSE */,
			);
			name = "Podspec Metadata";
			sourceTree = "<group>";
		};
/* End PBXGroup section */

/* Begin PBXNativeTarget section */
		6003F589195388D20070C39A /* AFModule_Example */ = {
			isa = PBXNativeTarget;
			buildConfigurationList = 6003F5BF195388D20070C39A /* Build configuration list for PBXNativeTarget "AFModule_Example" */;
			buildPhases = (
				EEFDDA46D2A4463778F12A23 /* [CP] Check Pods Manifest.lock */,
				6003F586195388D20070C39A /* Sources */,
				6003F587195388D20070C39A /* Frameworks */,
				6003F588195388D20070C39A /* Resources */,
				E198EE7ABDD3E3303717269F /* [CP] Copy Pods Resources */,
			);
			buildRules = (
			);
			dependencies = (
			);
			name = AFModule_Example;
			productName = AFModule;
			productReference = 6003F58A195388D20070C39A /* AFModule_Example.app */;
			productType = "com.apple.product-type.application";
		};
		6003F5AD195388D20070C39A /* AFModule_Tests */ = {
			isa = PBXNativeTarget;
			buildConfigurationList = 6003F5C2195388D20070C39A /* Build configuration list for PBXNativeTarget "AFModule_Tests" */;
			buildPhases = (
				8EB487F20F2FF348AC9190E0 /* [CP] Check Pods Manifest.lock */,
				6003F5AA195388D20070C39A /* Sources */,
				6003F5AB195388D20070C39A /* Frameworks */,
				6003F5AC195388D20070C39A /* Resources */,
			);
			buildRules = (
			);
			dependencies = (
				6003F5B4195388D20070C39A /* PBXTargetDependency */,
			);
			name = AFModule_Tests;
			productName = AFModuleTests;
			productReference = 6003F5AE195388D20070C39A /* AFModule_Tests.xctest */;
			productType = "com.apple.product-type.bundle.unit-test";
		};
/* End PBXNativeTarget section */

/* Begin PBXProject section */
		6003F582195388D10070C39A /* Project object */ = {
			isa = PBXProject;
			attributes = {
				CLASSPREFIX = AF;
				LastUpgradeCheck = 0720;
				ORGANIZATIONNAME = yxh418983798;
				TargetAttributes = {
					6003F589195388D20070C39A = {
						DevelopmentTeam = 7NB4473WK6;
						ProvisioningStyle = Automatic;
					};
					6003F5AD195388D20070C39A = {
						TestTargetID = 6003F589195388D20070C39A;
					};
				};
			};
			buildConfigurationList = 6003F585195388D10070C39A /* Build configuration list for PBXProject "AFModule" */;
			compatibilityVersion = "Xcode 3.2";
			developmentRegion = English;
			hasScannedForEncodings = 0;
			knownRegions = (
				English,
				en,
				Base,
			);
			mainGroup = 6003F581195388D10070C39A;
			productRefGroup = 6003F58B195388D20070C39A /* Products */;
			projectDirPath = "";
			projectRoot = "";
			targets = (
				6003F589195388D20070C39A /* AFModule_Example */,
				6003F5AD195388D20070C39A /* AFModule_Tests */,
			);
		};
/* End PBXProject section */

/* Begin PBXResourcesBuildPhase section */
		6003F588195388D20070C39A /* Resources */ = {
			isa = PBXResourcesBuildPhase;
			buildActionMask = 2147483647;
			files = (
				317CA61325DFAF5D002DC8C7 /* text.gif in Resources */,
				873B8AEB1B1F5CCA007FD442 /* Main.storyboard in Resources */,
				71719F9F1E33DC2100824A3D /* LaunchScreen.storyboard in Resources */,
				3162882C25E0F777004F5F72 /* 大拇指动态.gif in Resources */,
				3162882D25E0F777004F5F72 /* 玫瑰花.gif in Resources */,
				6003F5A9195388D20070C39A /* Images.xcassets in Resources */,
				6003F598195388D20070C39A /* InfoPlist.strings in Resources */,
				3162883025E0F777004F5F72 /* 合成-2.gif in Resources */,
				3162882F25E0F777004F5F72 /* ok.gif in Resources */,
				3162882E25E0F777004F5F72 /* 肌肉.gif in Resources */,
			);
			runOnlyForDeploymentPostprocessing = 0;
		};
		6003F5AC195388D20070C39A /* Resources */ = {
			isa = PBXResourcesBuildPhase;
			buildActionMask = 2147483647;
			files = (
				6003F5BA195388D20070C39A /* InfoPlist.strings in Resources */,
			);
			runOnlyForDeploymentPostprocessing = 0;
		};
/* End PBXResourcesBuildPhase section */

/* Begin PBXShellScriptBuildPhase section */
		8EB487F20F2FF348AC9190E0 /* [CP] Check Pods Manifest.lock */ = {
			isa = PBXShellScriptBuildPhase;
			buildActionMask = 2147483647;
			files = (
			);
			inputFileListPaths = (
			);
			inputPaths = (
				"${PODS_PODFILE_DIR_PATH}/Podfile.lock",
				"${PODS_ROOT}/Manifest.lock",
			);
			name = "[CP] Check Pods Manifest.lock";
			outputFileListPaths = (
			);
			outputPaths = (
				"$(DERIVED_FILE_DIR)/Pods-AFModule_Tests-checkManifestLockResult.txt",
			);
			runOnlyForDeploymentPostprocessing = 0;
			shellPath = /bin/sh;
			shellScript = "diff \"${PODS_PODFILE_DIR_PATH}/Podfile.lock\" \"${PODS_ROOT}/Manifest.lock\" > /dev/null\nif [ $? != 0 ] ; then\n    # print error to STDERR\n    echo \"error: The sandbox is not in sync with the Podfile.lock. Run 'pod install' or update your CocoaPods installation.\" >&2\n    exit 1\nfi\n# This output is used by Xcode 'outputs' to avoid re-running this script phase.\necho \"SUCCESS\" > \"${SCRIPT_OUTPUT_FILE_0}\"\n";
			showEnvVarsInLog = 0;
		};
		E198EE7ABDD3E3303717269F /* [CP] Copy Pods Resources */ = {
			isa = PBXShellScriptBuildPhase;
			buildActionMask = 2147483647;
			files = (
			);
			inputPaths = (
				"${PODS_ROOT}/Target Support Files/Pods-AFModule_Example/Pods-AFModule_Example-resources.sh",
				"${PODS_ROOT}/../../AFModule/Assets/detection.aiff",
			);
			name = "[CP] Copy Pods Resources";
			outputPaths = (
				"${TARGET_BUILD_DIR}/${UNLOCALIZED_RESOURCES_FOLDER_PATH}/detection.aiff",
			);
			runOnlyForDeploymentPostprocessing = 0;
			shellPath = /bin/sh;
			shellScript = "\"${PODS_ROOT}/Target Support Files/Pods-AFModule_Example/Pods-AFModule_Example-resources.sh\"\n";
			showEnvVarsInLog = 0;
		};
		EEFDDA46D2A4463778F12A23 /* [CP] Check Pods Manifest.lock */ = {
			isa = PBXShellScriptBuildPhase;
			buildActionMask = 2147483647;
			files = (
			);
			inputFileListPaths = (
			);
			inputPaths = (
				"${PODS_PODFILE_DIR_PATH}/Podfile.lock",
				"${PODS_ROOT}/Manifest.lock",
			);
			name = "[CP] Check Pods Manifest.lock";
			outputFileListPaths = (
			);
			outputPaths = (
				"$(DERIVED_FILE_DIR)/Pods-AFModule_Example-checkManifestLockResult.txt",
			);
			runOnlyForDeploymentPostprocessing = 0;
			shellPath = /bin/sh;
			shellScript = "diff \"${PODS_PODFILE_DIR_PATH}/Podfile.lock\" \"${PODS_ROOT}/Manifest.lock\" > /dev/null\nif [ $? != 0 ] ; then\n    # print error to STDERR\n    echo \"error: The sandbox is not in sync with the Podfile.lock. Run 'pod install' or update your CocoaPods installation.\" >&2\n    exit 1\nfi\n# This output is used by Xcode 'outputs' to avoid re-running this script phase.\necho \"SUCCESS\" > \"${SCRIPT_OUTPUT_FILE_0}\"\n";
			showEnvVarsInLog = 0;
		};
/* End PBXShellScriptBuildPhase section */

/* Begin PBXSourcesBuildPhase section */
		6003F586195388D20070C39A /* Sources */ = {
			isa = PBXSourcesBuildPhase;
			buildActionMask = 2147483647;
			files = (
				3153201F239A5BF2001C7942 /* AFKVOViewController.m in Sources */,
				3162889125E35670004F5F72 /* YYTextView.m in Sources */,
				316288A225E35670004F5F72 /* NSParagraphStyle+YYText.m in Sources */,
				3162889E25E35670004F5F72 /* YYTextAttribute.m in Sources */,
				3162882425E0F59D004F5F72 /* AFWindow.m in Sources */,
				3162889325E35670004F5F72 /* YYTextContainerView.m in Sources */,
				3162889825E35670004F5F72 /* YYTextSelectionView.m in Sources */,
				31BB51A2238F7A220003D2A1 /* AFTextModuleViewController.m in Sources */,
				3162889425E35670004F5F72 /* YYTextEffectWindow.m in Sources */,
				6003F59E195388D20070C39A /* AFAppDelegate.m in Sources */,
				3162889B25E35670004F5F72 /* YYLabel.m in Sources */,
				316288A525E35670004F5F72 /* YYTextTransaction.m in Sources */,
				316288A425E35670004F5F72 /* UIPasteboard+YYText.m in Sources */,
				316288A025E35670004F5F72 /* YYTextRubyAnnotation.m in Sources */,
				3162889C25E35670004F5F72 /* YYTextRunDelegate.m in Sources */,
				3162889A25E35670004F5F72 /* YYTextDebugOption.m in Sources */,
				31532016239A4218001C7942 /* AFTimerViewController.m in Sources */,
				3162889225E35670004F5F72 /* YYTextMagnifier.m in Sources */,
				316288A325E35670004F5F72 /* NSAttributedString+YYText.m in Sources */,
				316288A625E35670004F5F72 /* UIView+YYText.m in Sources */,
				3162889F25E35670004F5F72 /* YYTextArchiver.m in Sources */,
				3162889D25E35670004F5F72 /* YYTextParser.m in Sources */,
				3162883525E0F794004F5F72 /* AFGifTextViewController.m in Sources */,
				3162889725E35670004F5F72 /* YYTextLine.m in Sources */,
				316C525F24C0540900AF2EBB /* AFNavigationTitleViewController.m in Sources */,
				3162889925E35670004F5F72 /* YYTextKeyboardManager.m in Sources */,
				6003F5A7195388D20070C39A /* AFViewController.m in Sources */,
				6003F59A195388D20070C39A /* main.m in Sources */,
				31429FAD24121BE000A026EE /* AFBrowserTestViewController.m in Sources */,
				316288A825E35670004F5F72 /* YYTextWeakProxy.m in Sources */,
				3162883A25E0F9AF004F5F72 /* AFLabel.m in Sources */,
				3162889525E35670004F5F72 /* YYTextInput.m in Sources */,
				316288A725E35670004F5F72 /* YYTextAsyncLayer.m in Sources */,
				3162889625E35670004F5F72 /* YYTextLayout.m in Sources */,
				316288B525E3A22A004F5F72 /* AFGifAttachment.m in Sources */,
				316288A125E35670004F5F72 /* YYTextUtilities.m in Sources */,
			);
			runOnlyForDeploymentPostprocessing = 0;
		};
		6003F5AA195388D20070C39A /* Sources */ = {
			isa = PBXSourcesBuildPhase;
			buildActionMask = 2147483647;
			files = (
				6003F5BC195388D20070C39A /* Tests.m in Sources */,
			);
			runOnlyForDeploymentPostprocessing = 0;
		};
/* End PBXSourcesBuildPhase section */

/* Begin PBXTargetDependency section */
		6003F5B4195388D20070C39A /* PBXTargetDependency */ = {
			isa = PBXTargetDependency;
			target = 6003F589195388D20070C39A /* AFModule_Example */;
			targetProxy = 6003F5B3195388D20070C39A /* PBXContainerItemProxy */;
		};
/* End PBXTargetDependency section */

/* Begin PBXVariantGroup section */
		6003F596195388D20070C39A /* InfoPlist.strings */ = {
			isa = PBXVariantGroup;
			children = (
				6003F597195388D20070C39A /* en */,
			);
			name = InfoPlist.strings;
			sourceTree = "<group>";
		};
		6003F5B8195388D20070C39A /* InfoPlist.strings */ = {
			isa = PBXVariantGroup;
			children = (
				6003F5B9195388D20070C39A /* en */,
			);
			name = InfoPlist.strings;
			sourceTree = "<group>";
		};
		71719F9D1E33DC2100824A3D /* LaunchScreen.storyboard */ = {
			isa = PBXVariantGroup;
			children = (
				71719F9E1E33DC2100824A3D /* Base */,
			);
			name = LaunchScreen.storyboard;
			sourceTree = "<group>";
		};
/* End PBXVariantGroup section */

/* Begin XCBuildConfiguration section */
		6003F5BD195388D20070C39A /* Debug */ = {
			isa = XCBuildConfiguration;
			buildSettings = {
				ALWAYS_SEARCH_USER_PATHS = NO;
				CLANG_CXX_LANGUAGE_STANDARD = "gnu++0x";
				CLANG_CXX_LIBRARY = "libc++";
				CLANG_ENABLE_MODULES = YES;
				CLANG_ENABLE_OBJC_ARC = YES;
				CLANG_WARN_BOOL_CONVERSION = YES;
				CLANG_WARN_CONSTANT_CONVERSION = YES;
				CLANG_WARN_DIRECT_OBJC_ISA_USAGE = YES_ERROR;
				CLANG_WARN_EMPTY_BODY = YES;
				CLANG_WARN_ENUM_CONVERSION = YES;
				CLANG_WARN_INT_CONVERSION = YES;
				CLANG_WARN_OBJC_ROOT_CLASS = YES_ERROR;
				CLANG_WARN__DUPLICATE_METHOD_MATCH = YES;
				"CODE_SIGN_IDENTITY[sdk=iphoneos*]" = "iPhone Developer";
				COPY_PHASE_STRIP = NO;
				ENABLE_TESTABILITY = YES;
				GCC_C_LANGUAGE_STANDARD = gnu99;
				GCC_DYNAMIC_NO_PIC = NO;
				GCC_OPTIMIZATION_LEVEL = 0;
				GCC_PREPROCESSOR_DEFINITIONS = (
					"DEBUG=1",
					"$(inherited)",
				);
				GCC_SYMBOLS_PRIVATE_EXTERN = NO;
				GCC_WARN_64_TO_32_BIT_CONVERSION = YES;
				GCC_WARN_ABOUT_RETURN_TYPE = YES_ERROR;
				GCC_WARN_UNDECLARED_SELECTOR = YES;
				GCC_WARN_UNINITIALIZED_AUTOS = YES_AGGRESSIVE;
				GCC_WARN_UNUSED_FUNCTION = YES;
				GCC_WARN_UNUSED_VARIABLE = YES;
				IPHONEOS_DEPLOYMENT_TARGET = 9.3;
				ONLY_ACTIVE_ARCH = YES;
				SDKROOT = iphoneos;
				TARGETED_DEVICE_FAMILY = "1,2";
			};
			name = Debug;
		};
		6003F5BE195388D20070C39A /* Release */ = {
			isa = XCBuildConfiguration;
			buildSettings = {
				ALWAYS_SEARCH_USER_PATHS = NO;
				CLANG_CXX_LANGUAGE_STANDARD = "gnu++0x";
				CLANG_CXX_LIBRARY = "libc++";
				CLANG_ENABLE_MODULES = YES;
				CLANG_ENABLE_OBJC_ARC = YES;
				CLANG_WARN_BOOL_CONVERSION = YES;
				CLANG_WARN_CONSTANT_CONVERSION = YES;
				CLANG_WARN_DIRECT_OBJC_ISA_USAGE = YES_ERROR;
				CLANG_WARN_EMPTY_BODY = YES;
				CLANG_WARN_ENUM_CONVERSION = YES;
				CLANG_WARN_INT_CONVERSION = YES;
				CLANG_WARN_OBJC_ROOT_CLASS = YES_ERROR;
				CLANG_WARN__DUPLICATE_METHOD_MATCH = YES;
				"CODE_SIGN_IDENTITY[sdk=iphoneos*]" = "iPhone Developer";
				COPY_PHASE_STRIP = YES;
				ENABLE_NS_ASSERTIONS = NO;
				GCC_C_LANGUAGE_STANDARD = gnu99;
				GCC_WARN_64_TO_32_BIT_CONVERSION = YES;
				GCC_WARN_ABOUT_RETURN_TYPE = YES_ERROR;
				GCC_WARN_UNDECLARED_SELECTOR = YES;
				GCC_WARN_UNINITIALIZED_AUTOS = YES_AGGRESSIVE;
				GCC_WARN_UNUSED_FUNCTION = YES;
				GCC_WARN_UNUSED_VARIABLE = YES;
				IPHONEOS_DEPLOYMENT_TARGET = 9.3;
				SDKROOT = iphoneos;
				TARGETED_DEVICE_FAMILY = "1,2";
				VALIDATE_PRODUCT = YES;
			};
			name = Release;
		};
		6003F5C0195388D20070C39A /* Debug */ = {
			isa = XCBuildConfiguration;
			baseConfigurationReference = 3AD98ECD3754ABE63BC13B6D /* Pods-AFModule_Example.debug.xcconfig */;
			buildSettings = {
				ASSETCATALOG_COMPILER_APPICON_NAME = AppIcon;
				CODE_SIGN_STYLE = Automatic;
				DEVELOPMENT_TEAM = 7NB4473WK6;
				GCC_PRECOMPILE_PREFIX_HEADER = YES;
				GCC_PREFIX_HEADER = "AFModule/AFModule-Prefix.pch";
				INFOPLIST_FILE = "AFModule/AFModule-Info.plist";
				IPHONEOS_DEPLOYMENT_TARGET = 8.0;
				MARKETING_VERSION = 1.5.0;
				MODULE_NAME = ExampleApp;
				PRODUCT_BUNDLE_IDENTIFIER = com.mostone.qiye;
				PRODUCT_NAME = "$(TARGET_NAME)";
				PROVISIONING_PROFILE_SPECIFIER = "";
				SWIFT_VERSION = 4.0;
				WRAPPER_EXTENSION = app;
			};
			name = Debug;
		};
		6003F5C1195388D20070C39A /* Release */ = {
			isa = XCBuildConfiguration;
			baseConfigurationReference = 92058E25F3248F65AB47D4B9 /* Pods-AFModule_Example.release.xcconfig */;
			buildSettings = {
				ASSETCATALOG_COMPILER_APPICON_NAME = AppIcon;
				CODE_SIGN_STYLE = Automatic;
				DEVELOPMENT_TEAM = 7NB4473WK6;
				GCC_PRECOMPILE_PREFIX_HEADER = YES;
				GCC_PREFIX_HEADER = "AFModule/AFModule-Prefix.pch";
				INFOPLIST_FILE = "AFModule/AFModule-Info.plist";
				IPHONEOS_DEPLOYMENT_TARGET = 8.0;
				MARKETING_VERSION = 1.5.0;
				MODULE_NAME = ExampleApp;
				PRODUCT_BUNDLE_IDENTIFIER = com.mostone.qiye;
				PRODUCT_NAME = "$(TARGET_NAME)";
				PROVISIONING_PROFILE_SPECIFIER = "";
				SWIFT_VERSION = 4.0;
				WRAPPER_EXTENSION = app;
			};
			name = Release;
		};
		6003F5C3195388D20070C39A /* Debug */ = {
			isa = XCBuildConfiguration;
			baseConfigurationReference = DFD4E3524D1102AAEA771043 /* Pods-AFModule_Tests.debug.xcconfig */;
			buildSettings = {
				BUNDLE_LOADER = "$(TEST_HOST)";
				FRAMEWORK_SEARCH_PATHS = (
					"$(PLATFORM_DIR)/Developer/Library/Frameworks",
					"$(inherited)",
					"$(DEVELOPER_FRAMEWORKS_DIR)",
				);
				GCC_PRECOMPILE_PREFIX_HEADER = YES;
				GCC_PREFIX_HEADER = "Tests/Tests-Prefix.pch";
				GCC_PREPROCESSOR_DEFINITIONS = (
					"DEBUG=1",
					"$(inherited)",
				);
				INFOPLIST_FILE = "Tests/Tests-Info.plist";
				PRODUCT_BUNDLE_IDENTIFIER = "org.cocoapods.demo.${PRODUCT_NAME:rfc1034identifier}";
				PRODUCT_NAME = "$(TARGET_NAME)";
				SWIFT_VERSION = 4.0;
				TEST_HOST = "$(BUILT_PRODUCTS_DIR)/AFModule_Example.app/AFModule_Example";
				WRAPPER_EXTENSION = xctest;
			};
			name = Debug;
		};
		6003F5C4195388D20070C39A /* Release */ = {
			isa = XCBuildConfiguration;
			baseConfigurationReference = CDF0AF02B150DA7AA5D7BBE0 /* Pods-AFModule_Tests.release.xcconfig */;
			buildSettings = {
				BUNDLE_LOADER = "$(TEST_HOST)";
				FRAMEWORK_SEARCH_PATHS = (
					"$(PLATFORM_DIR)/Developer/Library/Frameworks",
					"$(inherited)",
					"$(DEVELOPER_FRAMEWORKS_DIR)",
				);
				GCC_PRECOMPILE_PREFIX_HEADER = YES;
				GCC_PREFIX_HEADER = "Tests/Tests-Prefix.pch";
				INFOPLIST_FILE = "Tests/Tests-Info.plist";
				PRODUCT_BUNDLE_IDENTIFIER = "org.cocoapods.demo.${PRODUCT_NAME:rfc1034identifier}";
				PRODUCT_NAME = "$(TARGET_NAME)";
				SWIFT_VERSION = 4.0;
				TEST_HOST = "$(BUILT_PRODUCTS_DIR)/AFModule_Example.app/AFModule_Example";
				WRAPPER_EXTENSION = xctest;
			};
			name = Release;
		};
/* End XCBuildConfiguration section */

/* Begin XCConfigurationList section */
		6003F585195388D10070C39A /* Build configuration list for PBXProject "AFModule" */ = {
			isa = XCConfigurationList;
			buildConfigurations = (
				6003F5BD195388D20070C39A /* Debug */,
				6003F5BE195388D20070C39A /* Release */,
			);
			defaultConfigurationIsVisible = 0;
			defaultConfigurationName = Release;
		};
		6003F5BF195388D20070C39A /* Build configuration list for PBXNativeTarget "AFModule_Example" */ = {
			isa = XCConfigurationList;
			buildConfigurations = (
				6003F5C0195388D20070C39A /* Debug */,
				6003F5C1195388D20070C39A /* Release */,
			);
			defaultConfigurationIsVisible = 0;
			defaultConfigurationName = Release;
		};
		6003F5C2195388D20070C39A /* Build configuration list for PBXNativeTarget "AFModule_Tests" */ = {
			isa = XCConfigurationList;
			buildConfigurations = (
				6003F5C3195388D20070C39A /* Debug */,
				6003F5C4195388D20070C39A /* Release */,
			);
			defaultConfigurationIsVisible = 0;
			defaultConfigurationName = Release;
		};
/* End XCConfigurationList section */
	};
	rootObject = 6003F582195388D10070C39A /* Project object */;
}
